
Microsoft Visual Studio Solution File, Format Version 12.00
# Visual Studio Version 17
VisualStudioVersion = 17.10.35027.167
MinimumVisualStudioVersion = 10.0.40219.1
Project("{FAE04EC0-301F-11D3-BF4B-00C04F79EFBC}") = "PastryShop", "PastryShop\PastryShop.csproj", "{94303317-3941-4AB9-A055-4B1EBAEC9BCD}"
EndProject
Global
	GlobalSection(SolutionConfigurationPlatforms) = preSolution
		Debug|Any CPU = Debug|Any CPU
		Release|Any CPU = Release|Any CPU
	EndGlobalSection
	GlobalSection(ProjectConfigurationPlatforms) = postSolution
		{94303317-3941-4AB9-A055-4B1EBAEC9BCD}.Debug|Any CPU.ActiveCfg = Debug|Any CPU
		{94303317-3941-4AB9-A055-4B1EBAEC9BCD}.Debug|Any CPU.Build.0 = Debug|Any CPU
		{94303317-3941-4AB9-A055-4B1EBAEC9BCD}.Release|Any CPU.ActiveCfg = Release|Any CPU
		{94303317-3941-4AB9-A055-4B1EBAEC9BCD}.Release|Any CPU.Build.0 = Release|Any CPU
	EndGlobalSection
	GlobalSection(SolutionProperties) = preSolution
		HideSolutionNode = FALSE
	EndGlobalSection
	GlobalSection(ExtensibilityGlobals) = postSolution
		SolutionGuid = {3A11FABF-641A-401C-A14E-8AE08BBFB21D}
	EndGlobalSection
EndGlobal
